// !$*UTF8*$!
{
	archiveVersion = 1;
	classes = {
	};
	objectVersion = 50;
	objects = {

/* Begin PBXBuildFile section */
		018CC6E7260A338200C4768F /* AppDelegate.swift in Sources */ = {isa = PBXBuildFile; fileRef = 018CC6E6260A338200C4768F /* AppDelegate.swift */; };
		018CC6E9260A338200C4768F /* SceneDelegate.swift in Sources */ = {isa = PBXBuildFile; fileRef = 018CC6E8260A338200C4768F /* SceneDelegate.swift */; };
		018CC6EB260A338200C4768F /* ViewController.swift in Sources */ = {isa = PBXBuildFile; fileRef = 018CC6EA260A338200C4768F /* ViewController.swift */; };
		018CC6EE260A338200C4768F /* Main.storyboard in Resources */ = {isa = PBXBuildFile; fileRef = 018CC6EC260A338200C4768F /* Main.storyboard */; };
		018CC6F0260A338400C4768F /* Assets.xcassets in Resources */ = {isa = PBXBuildFile; fileRef = 018CC6EF260A338400C4768F /* Assets.xcassets */; };
		018CC6F3260A338400C4768F /* LaunchScreen.storyboard in Resources */ = {isa = PBXBuildFile; fileRef = 018CC6F1260A338400C4768F /* LaunchScreen.storyboard */; };
		018CC6FC260A346000C4768F /* Cell.swift in Sources */ = {isa = PBXBuildFile; fileRef = 018CC6FB260A346000C4768F /* Cell.swift */; };
		018CC6FF260A661D00C4768F /* ShowImageVC.swift in Sources */ = {isa = PBXBuildFile; fileRef = 018CC6FE260A661D00C4768F /* ShowImageVC.swift */; };
/* End PBXBuildFile section */

/* Begin PBXFileReference section */
		018CC6E3260A338200C4768F /* 20.pract.app */ = {isa = PBXFileReference; explicitFileType = wrapper.application; includeInIndex = 0; path = 20.pract.app; sourceTree = BUILT_PRODUCTS_DIR; };
		018CC6E6260A338200C4768F /* AppDelegate.swift */ = {isa = PBXFileReference; lastKnownFileType = sourcecode.swift; path = AppDelegate.swift; sourceTree = "<group>"; };
		018CC6E8260A338200C4768F /* SceneDelegate.swift */ = {isa = PBXFileReference; lastKnownFileType = sourcecode.swift; path = SceneDelegate.swift; sourceTree = "<group>"; };
		018CC6EA260A338200C4768F /* ViewController.swift */ = {isa = PBXFileReference; lastKnownFileType = sourcecode.swift; path = ViewController.swift; sourceTree = "<group>"; };
		018CC6ED260A338200C4768F /* Base */ = {isa = PBXFileReference; lastKnownFileType = file.storyboard; name = Base; path = Base.lproj/Main.storyboard; sourceTree = "<group>"; };
		018CC6EF260A338400C4768F /* Assets.xcassets */ = {isa = PBXFileReference; lastKnownFileType = folder.assetcatalog; path = Assets.xcassets; sourceTree = "<group>"; };
		018CC6F2260A338400C4768F /* Base */ = {isa = PBXFileReference; lastKnownFileType = file.storyboard; name = Base; path = Base.lproj/LaunchScreen.storyboard; sourceTree = "<group>"; };
		018CC6F4260A338400C4768F /* Info.plist */ = {isa = PBXFileReference; lastKnownFileType = text.plist.xml; path = Info.plist; sourceTree = "<group>"; };
		018CC6FB260A346000C4768F /* Cell.swift */ = {isa = PBXFileReference; lastKnownFileType = sourcecode.swift; path = Cell.swift; sourceTree = "<group>"; };
		018CC6FE260A661D00C4768F /* ShowImageVC.swift */ = {isa = PBXFileReference; lastKnownFileType = sourcecode.swift; path = ShowImageVC.swift; sourceTree = "<group>"; };
/* End PBXFileReference section */

/* Begin PBXFrameworksBuildPhase section */
		018CC6E0260A338200C4768F /* Frameworks */ = {
			isa = PBXFrameworksBuildPhase;
			buildActionMask = 2147483647;
			files = (
			);
			runOnlyForDeploymentPostprocessing = 0;
		};
/* End PBXFrameworksBuildPhase section */

/* Begin PBXGroup section */
		018CC6DA260A338200C4768F = {
			isa = PBXGroup;
			children = (
				018CC6E5260A338200C4768F /* 20.pract */,
				018CC6E4260A338200C4768F /* Products */,
			);
			sourceTree = "<group>";
		};
		018CC6E4260A338200C4768F /* Products */ = {
			isa = PBXGroup;
			children = (
				018CC6E3260A338200C4768F /* 20.pract.app */,
			);
			name = Products;
			sourceTree = "<group>";
		};
		018CC6E5260A338200C4768F /* 20.pract */ = {
			isa = PBXGroup;
			children = (
				018CC6E6260A338200C4768F /* AppDelegate.swift */,
				018CC6E8260A338200C4768F /* SceneDelegate.swift */,
				018CC6EA260A338200C4768F /* ViewController.swift */,
				018CC6EC260A338200C4768F /* Main.storyboard */,
				018CC6FE260A661D00C4768F /* ShowImageVC.swift */,
				018CC6EF260A338400C4768F /* Assets.xcassets */,
				018CC6F1260A338400C4768F /* LaunchScreen.storyboard */,
				018CC6F4260A338400C4768F /* Info.plist */,
				018CC6FB260A346000C4768F /* Cell.swift */,
			);
			path = 20.pract;
			sourceTree = "<group>";
		};
/* End PBXGroup section */

/* Begin PBXNativeTarget section */
		018CC6E2260A338200C4768F /* 20.pract */ = {
			isa = PBXNativeTarget;
			buildConfigurationList = 018CC6F7260A338400C4768F /* Build configuration list for PBXNativeTarget "20.pract" */;
			buildPhases = (
				018CC6DF260A338200C4768F /* Sources */,
				018CC6E0260A338200C4768F /* Frameworks */,
				018CC6E1260A338200C4768F /* Resources */,
			);
			buildRules = (
			);
			dependencies = (
			);
			name = 20.pract;
			productName = 20.pract;
			productReference = 018CC6E3260A338200C4768F /* 20.pract.app */;
			productType = "com.apple.product-type.application";
		};
/* End PBXNativeTarget section */

/* Begin PBXProject section */
		018CC6DB260A338200C4768F /* Project object */ = {
			isa = PBXProject;
			attributes = {
				LastSwiftUpdateCheck = 1240;
				LastUpgradeCheck = 1240;
				TargetAttributes = {
					018CC6E2260A338200C4768F = {
						CreatedOnToolsVersion = 12.4;
					};
				};
			};
			buildConfigurationList = 018CC6DE260A338200C4768F /* Build configuration list for PBXProject "20.pract" */;
			compatibilityVersion = "Xcode 9.3";
			developmentRegion = en;
			hasScannedForEncodings = 0;
			knownRegions = (
				en,
				Base,
			);
			mainGroup = 018CC6DA260A338200C4768F;
			productRefGroup = 018CC6E4260A338200C4768F /* Products */;
			projectDirPath = "";
			projectRoot = "";
			targets = (
				018CC6E2260A338200C4768F /* 20.pract */,
			);
		};
/* End PBXProject section */

/* Begin PBXResourcesBuildPhase section */
		018CC6E1260A338200C4768F /* Resources */ = {
			isa = PBXResourcesBuildPhase;
			buildActionMask = 2147483647;
			files = (
				018CC6F3260A338400C4768F /* LaunchScreen.storyboard in Resources */,
				018CC6F0260A338400C4768F /* Assets.xcassets in Resources */,
				018CC6EE260A338200C4768F /* Main.storyboard in Resources */,
			);
			runOnlyForDeploymentPostprocessing = 0;
		};
/* End PBXResourcesBuildPhase section */

/* Begin PBXSourcesBuildPhase section */
		018CC6DF260A338200C4768F /* Sources */ = {
			isa = PBXSourcesBuildPhase;
			buildActionMask = 2147483647;
			files = (
				018CC6FF260A661D00C4768F /* ShowImageVC.swift in Sources */,
				018CC6EB260A338200C4768F /* ViewController.swift in Sources */,
				018CC6FC260A346000C4768F /* Cell.swift in Sources */,
				018CC6E7260A338200C4768F /* AppDelegate.swift in Sources */,
				018CC6E9260A338200C4768F /* SceneDelegate.swift in Sources */,
			);
			runOnlyForDeploymentPostprocessing = 0;
		};
/* End PBXSourcesBuildPhase section */

/* Begin PBXVariantGroup section */
		018CC6EC260A338200C4768F /* Main.storyboard */ = {
			isa = PBXVariantGroup;
			children = (
				018CC6ED260A338200C4768F /* Base */,
			);
			name = Main.storyboard;
			sourceTree = "<group>";
		};
		018CC6F1260A338400C4768F /* LaunchScreen.storyboard */ = {
			isa = PBXVariantGroup;
			children = (
				018CC6F2260A338400C4768F /* Base */,
			);
			name = LaunchScreen.storyboard;
			sourceTree = "<group>";
		};
/* End PBXVariantGroup section */

/* Begin XCBuildConfiguration section */
		018CC6F5260A338400C4768F /* Debug */ = {
			isa = XCBuildConfiguration;
			buildSettings = {
				ALWAYS_SEARCH_USER_PATHS = NO;
				CLANG_ANALYZER_NONNULL = YES;
				CLANG_ANALYZER_NUMBER_OBJECT_CONVERSION = YES_AGGRESSIVE;
				CLANG_CXX_LANGUAGE_STANDARD = "gnu++14";
				CLANG_CXX_LIBRARY = "libc++";
				CLANG_ENABLE_MODULES = YES;
				CLANG_ENABLE_OBJC_ARC = YES;
				CLANG_ENABLE_OBJC_WEAK = YES;
				CLANG_WARN_BLOCK_CAPTURE_AUTORELEASING = YES;
				CLANG_WARN_BOOL_CONVERSION = YES;
				CLANG_WARN_COMMA = YES;
				CLANG_WARN_CONSTANT_CONVERSION = YES;
				CLANG_WARN_DEPRECATED_OBJC_IMPLEMENTATIONS = YES;
				CLANG_WARN_DIRECT_OBJC_ISA_USAGE = YES_ERROR;
				CLANG_WARN_DOCUMENTATION_COMMENTS = YES;
				CLANG_WARN_EMPTY_BODY = YES;
				CLANG_WARN_ENUM_CONVERSION = YES;
				CLANG_WARN_INFINITE_RECURSION = YES;
				CLANG_WARN_INT_CONVERSION = YES;
				CLANG_WARN_NON_LITERAL_NULL_CONVERSION = YES;
				CLANG_WARN_OBJC_IMPLICIT_RETAIN_SELF = YES;
				CLANG_WARN_OBJC_LITERAL_CONVERSION = YES;
				CLANG_WARN_OBJC_ROOT_CLASS = YES_ERROR;
				CLANG_WARN_QUOTED_INCLUDE_IN_FRAMEWORK_HEADER = YES;
				CLANG_WARN_RANGE_LOOP_ANALYSIS = YES;
				CLANG_WARN_STRICT_PROTOTYPES = YES;
				CLANG_WARN_SUSPICIOUS_MOVE = YES;
				CLANG_WARN_UNGUARDED_AVAILABILITY = YES_AGGRESSIVE;
				CLANG_WARN_UNREACHABLE_CODE = YES;
				CLANG_WARN__DUPLICATE_METHOD_MATCH = YES;
				COPY_PHASE_STRIP = NO;
				DEBUG_INFORMATION_FORMAT = dwarf;
				ENABLE_STRICT_OBJC_MSGSEND = YES;
				ENABLE_TESTABILITY = YES;
				GCC_C_LANGUAGE_STANDARD = gnu11;
				GCC_DYNAMIC_NO_PIC = NO;
				GCC_NO_COMMON_BLOCKS = YES;
				GCC_OPTIMIZATION_LEVEL = 0;
				GCC_PREPROCESSOR_DEFINITIONS = (
					"DEBUG=1",
					"$(inherited)",
				);
				GCC_WARN_64_TO_32_BIT_CONVERSION = YES;
				GCC_WARN_ABOUT_RETURN_TYPE = YES_ERROR;
				GCC_WARN_UNDECLARED_SELECTOR = YES;
				GCC_WARN_UNINITIALIZED_AUTOS = YES_AGGRESSIVE;
				GCC_WARN_UNUSED_FUNCTION = YES;
				GCC_WARN_UNUSED_VARIABLE = YES;
				IPHONEOS_DEPLOYMENT_TARGET = 14.4;
				MTL_ENABLE_DEBUG_INFO = INCLUDE_SOURCE;
				MTL_FAST_MATH = YES;
				ONLY_ACTIVE_ARCH = YES;
				SDKROOT = iphoneos;
				SWIFT_ACTIVE_COMPILATION_CONDITIONS = DEBUG;
				SWIFT_OPTIMIZATION_LEVEL = "-Onone";
			};
			name = Debug;
		};
		018CC6F6260A338400C4768F /* Release */ = {
			isa = XCBuildConfiguration;
			buildSettings = {
				ALWAYS_SEARCH_USER_PATHS = NO;
				CLANG_ANALYZER_NONNULL = YES;
				CLANG_ANALYZER_NUMBER_OBJECT_CONVERSION = YES_AGGRESSIVE;
				CLANG_CXX_LANGUAGE_STANDARD = "gnu++14";
				CLANG_CXX_LIBRARY = "libc++";
				CLANG_ENABLE_MODULES = YES;
				CLANG_ENABLE_OBJC_ARC = YES;
				CLANG_ENABLE_OBJC_WEAK = YES;
				CLANG_WARN_BLOCK_CAPTURE_AUTORELEASING = YES;
				CLANG_WARN_BOOL_CONVERSION = YES;
				CLANG_WARN_COMMA = YES;
				CLANG_WARN_CONSTANT_CONVERSION = YES;
				CLANG_WARN_DEPRECATED_OBJC_IMPLEMENTATIONS = YES;
				CLANG_WARN_DIRECT_OBJC_ISA_USAGE = YES_ERROR;
				CLANG_WARN_DOCUMENTATION_COMMENTS = YES;
				CLANG_WARN_EMPTY_BODY = YES;
				CLANG_WARN_ENUM_CONVERSION = YES;
				CLANG_WARN_INFINITE_RECURSION = YES;
				CLANG_WARN_INT_CONVERSION = YES;
				CLANG_WARN_NON_LITERAL_NULL_CONVERSION = YES;
				CLANG_WARN_OBJC_IMPLICIT_RETAIN_SELF = YES;
				CLANG_WARN_OBJC_LITERAL_CONVERSION = YES;
				CLANG_WARN_OBJC_ROOT_CLASS = YES_ERROR;
				CLANG_WARN_QUOTED_INCLUDE_IN_FRAMEWORK_HEADER = YES;
				CLANG_WARN_RANGE_LOOP_ANALYSIS = YES;
				CLANG_WARN_STRICT_PROTOTYPES = YES;
				CLANG_WARN_SUSPICIOUS_MOVE = YES;
				CLANG_WARN_UNGUARDED_AVAILABILITY = YES_AGGRESSIVE;
				CLANG_WARN_UNREACHABLE_CODE = YES;
				CLANG_WARN__DUPLICATE_METHOD_MATCH = YES;
				COPY_PHASE_STRIP = NO;
				DEBUG_INFORMATION_FORMAT = "dwarf-with-dsym";
				ENABLE_NS_ASSERTIONS = NO;
				ENABLE_STRICT_OBJC_MSGSEND = YES;
				GCC_C_LANGUAGE_STANDARD = gnu11;
				GCC_NO_COMMON_BLOCKS = YES;
				GCC_WARN_64_TO_32_BIT_CONVERSION = YES;
				GCC_WARN_ABOUT_RETURN_TYPE = YES_ERROR;
				GCC_WARN_UNDECLARED_SELECTOR = YES;
				GCC_WARN_UNINITIALIZED_AUTOS = YES_AGGRESSIVE;
				GCC_WARN_UNUSED_FUNCTION = YES;
				GCC_WARN_UNUSED_VARIABLE = YES;
				IPHONEOS_DEPLOYMENT_TARGET = 14.4;
				MTL_ENABLE_DEBUG_INFO = NO;
				MTL_FAST_MATH = YES;
				SDKROOT = iphoneos;
				SWIFT_COMPILATION_MODE = wholemodule;
				SWIFT_OPTIMIZATION_LEVEL = "-O";
				VALIDATE_PRODUCT = YES;
			};
			name = Release;
		};
		018CC6F8260A338400C4768F /* Debug */ = {
			isa = XCBuildConfiguration;
			buildSettings = {
				ASSETCATALOG_COMPILER_APPICON_NAME = AppIcon;
				ASSETCATALOG_COMPILER_GLOBAL_ACCENT_COLOR_NAME = AccentColor;
				CODE_SIGN_STYLE = Automatic;
				DEVELOPMENT_TEAM = 629THG8W5C;
				INFOPLIST_FILE = 20.pract/Info.plist;
				LD_RUNPATH_SEARCH_PATHS = (
					"$(inherited)",
					"@executable_path/Frameworks",
				);
				PRODUCT_BUNDLE_IDENTIFIER = "ru.NikitaKIrshin.-0-pract";
				PRODUCT_NAME = "$(TARGET_NAME)";
				SWIFT_VERSION = 5.0;
				TARGETED_DEVICE_FAMILY = "1,2";
			};
			name = Debug;
		};
		018CC6F9260A338400C4768F /* Release */ = {
			isa = XCBuildConfiguration;
			buildSettings = {
				ASSETCATALOG_COMPILER_APPICON_NAME = AppIcon;
				ASSETCATALOG_COMPILER_GLOBAL_ACCENT_COLOR_NAME = AccentColor;
				CODE_SIGN_STYLE = Automatic;
				DEVELOPMENT_TEAM = 629THG8W5C;
				INFOPLIST_FILE = 20.pract/Info.plist;
				LD_RUNPATH_SEARCH_PATHS = (
					"$(inherited)",
					"@executable_path/Frameworks",
				);
				PRODUCT_BUNDLE_IDENTIFIER = "ru.NikitaKIrshin.-0-pract";
				PRODUCT_NAME = "$(TARGET_NAME)";
				SWIFT_VERSION = 5.0;
				TARGETED_DEVICE_FAMILY = "1,2";
			};
			name = Release;
		};
/* End XCBuildConfiguration section */

/* Begin XCConfigurationList section */
		018CC6DE260A338200C4768F /* Build configuration list for PBXProject "20.pract" */ = {
			isa = XCConfigurationList;
			buildConfigurations = (
				018CC6F5260A338400C4768F /* Debug */,
				018CC6F6260A338400C4768F /* Release */,
			);
			defaultConfigurationIsVisible = 0;
			defaultConfigurationName = Release;
		};
		018CC6F7260A338400C4768F /* Build configuration list for PBXNativeTarget "20.pract" */ = {
			isa = XCConfigurationList;
			buildConfigurations = (
				018CC6F8260A338400C4768F /* Debug */,
				018CC6F9260A338400C4768F /* Release */,
			);
			defaultConfigurationIsVisible = 0;
			defaultConfigurationName = Release;
		};
/* End XCConfigurationList section */
	};
	rootObject = 018CC6DB260A338200C4768F /* Project object */;
}
